
Microsoft Visual Studio Solution File, Format Version 12.00
# Visual Studio 15
VisualStudioVersion = 15.0.28307.438
MinimumVisualStudioVersion = 10.0.40219.1
Project("{FAE04EC0-301F-11D3-BF4B-00C04F79EFBC}") = "CRUD", "CRUD\CRUD.csproj", "{96945D0B-2A07-4A17-988B-4E7DB664001F}"
EndProject
Global
	GlobalSection(SolutionConfigurationPlatforms) = preSolution
		Debug|Any CPU = Debug|Any CPU
		Release|Any CPU = Release|Any CPU
	EndGlobalSection
	GlobalSection(ProjectConfigurationPlatforms) = postSolution
		{96945D0B-2A07-4A17-988B-4E7DB664001F}.Debug|Any CPU.ActiveCfg = Debug|Any CPU
		{96945D0B-2A07-4A17-988B-4E7DB664001F}.Debug|Any CPU.Build.0 = Debug|Any CPU
		{96945D0B-2A07-4A17-988B-4E7DB664001F}.Release|Any CPU.ActiveCfg = Release|Any CPU
		{96945D0B-2A07-4A17-988B-4E7DB664001F}.Release|Any CPU.Build.0 = Release|Any CPU
	EndGlobalSection
	GlobalSection(SolutionProperties) = preSolution
		HideSolutionNode = FALSE
	EndGlobalSection
	GlobalSection(ExtensibilityGlobals) = postSolution
		SolutionGuid = {3EC70685-119F-4A02-8571-EDC5C4B570FE}
	EndGlobalSection
EndGlobal
